<?xml version="1.0" encoding="utf-8"?>
<Project ToolsVersion="4.0" xmlns="http://schemas.microsoft.com/developer/msbuild/2003">
  <ItemGroup>
    <Filter Include="Source Files">
      <UniqueIdentifier>{4FC737F1-C7A5-4376-A066-2A32D752A2FF}</UniqueIdentifier>
      <Extensions>cpp;c;cc;cxx;c++;cppm;ixx;def;odl;idl;hpj;bat;asm;asmx</Extensions>
    </Filter>
    <Filter Include="Header Files">
      <UniqueIdentifier>{93995380-89BD-4b04-88EB-625FBE52EBFB}</UniqueIdentifier>
      <Extensions>h;hh;hpp;hxx;h++;hm;inl;inc;ipp;xsd</Extensions>
    </Filter>
    <Filter Include="Resource Files">
      <UniqueIdentifier>{67DA6AB6-F800-4c08-8B7A-83BB121AAD01}</UniqueIdentifier>
      <Extensions>rc;ico;cur;bmp;dlg;rc2;rct;bin;rgs;gif;jpg;jpeg;jpe;resx;tiff;tif;png;wav;mfcribbon-ms</Extensions>
    </Filter>
    <Filter Include="Source Files\Engine">
      <UniqueIdentifier>{3695525d-7184-4abb-ba11-95537bfd1db3}</UniqueIdentifier>
    </Filter>
    <Filter Include="Source Files\Engine\Collections">
      <UniqueIdentifier>{f954b322-bea2-45c3-9839-3c3a3a79ce69}</UniqueIdentifier>
    </Filter>
    <Filter Include="Source Files\Game">
      <UniqueIdentifier>{f9ad6036-2118-4ba7-931b-98cc7644918c}</UniqueIdentifier>
    </Filter>
    <Filter Include="Source Files\Engine\Engine">
      <UniqueIdentifier>{c451e742-5d50-48a6-99b1-aefb3d7defdb}</UniqueIdentifier>
    </Filter>
    <Filter Include="Source Files\Engine\FeatureClasses">
      <UniqueIdentifier>{c4406c97-4e75-4edf-9d33-a0db3d9438d9}</UniqueIdentifier>
    </Filter>
  </ItemGroup>
  <ItemGroup>
    <ClCompile Include="Application.cpp">
      <Filter>Source Files\Engine\Engine</Filter>
    </ClCompile>
    <ClCompile Include="FactorioApp.cpp">
      <Filter>Source Files\Game</Filter>
    </ClCompile>
    <ClCompile Include="Camera.cpp">
      <Filter>Source Files\Game</Filter>
    </ClCompile>
  </ItemGroup>
  <ItemGroup>
    <ClInclude Include="List.h">
      <Filter>Source Files\Engine\Collections</Filter>
    </ClInclude>
    <ClInclude Include="EntryPoint.h">
      <Filter>Source Files\Engine\Engine</Filter>
    </ClInclude>
    <ClInclude Include="Application.h">
      <Filter>Source Files\Engine\Engine</Filter>
    </ClInclude>
    <ClInclude Include="Engine.h">
      <Filter>Source Files\Engine\Engine</Filter>
    </ClInclude>
    <ClInclude Include="FactorioApp.h">
      <Filter>Source Files\Game</Filter>
    </ClInclude>
    <ClInclude Include="GameObject.h">
      <Filter>Source Files\Engine\FeatureClasses</Filter>
    </ClInclude>
    <ClInclude Include="Camera.h">
      <Filter>Source Files\Game</Filter>
    </ClInclude>
  </ItemGroup>
</Project>